PODS:
  - AFNetworking (3.1.0):
    - AFNetworking/NSURLSession (= 3.1.0)
    - AFNetworking/Reachability (= 3.1.0)
    - AFNetworking/Security (= 3.1.0)
    - AFNetworking/Serialization (= 3.1.0)
    - AFNetworking/UIKit (= 3.1.0)
  - AFNetworking/NSURLSession (3.1.0):
    - AFNetworking/Reachability
    - AFNetworking/Security
    - AFNetworking/Serialization
  - AFNetworking/Reachability (3.1.0)
  - AFNetworking/Security (3.1.0)
  - AFNetworking/Serialization (3.1.0)
  - AFNetworking/UIKit (3.1.0):
    - AFNetworking/NSURLSession
  - Aspects (1.4.1)
  - Mantle (2.0.6):
    - Mantle/extobjc (= 2.0.6)
  - Mantle/extobjc (2.0.6)
  - Masonry (1.0.0)
  - MBProgressHUD (1.0.0)
  - MJRefresh (3.1.0)
  - NinaPagerView (1.3.0)
  - SDWebImage (3.7.5):
    - SDWebImage/Core (= 3.7.5)
  - SDWebImage/Core (3.7.5)

DEPENDENCIES:
  - AFNetworking
  - Aspects (~> 1.4.1)
  - Mantle
  - Masonry
  - MBProgressHUD
  - MJRefresh
  - NinaPagerView
  - SDWebImage

SPEC CHECKSUMS:
  AFNetworking: 5e0e199f73d8626b11e79750991f5d173d1f8b67
  Aspects: 7595ba96a6727a58ebcbfc954497fc5d2fdde546
  Mantle: 299966b00759634931699f69cb6a30b9239b944d
  Masonry: b529bb169217897b6354d4b56b1fada6d475b13d
  MBProgressHUD: 4890f671c94e8a0f3cf959aa731e9de2f036d71a
  MJRefresh: 743e6404967d1c2c688472ea3ecfde247d872db4
  NinaPagerView: 5439d6c3b8cfdcb166aa56917c55a0f3f0f01dd8
  SDWebImage: 69c6303e3348fba97e03f65d65d4fbc26740f461

PODFILE CHECKSUM: 2463616a7f24acefda8e4a77163c22adde52f5b7

COCOAPODS: 1.0.1
